
Microsoft Visual Studio Solution File, Format Version 12.00
# Visual Studio Version 16
VisualStudioVersion = 16.0.29020.237
MinimumVisualStudioVersion = 10.0.40219.1
Project("{FAE04EC0-301F-11D3-BF4B-00C04F79EFBC}") = "LaunchBoi", "LaunchBoi\LaunchBoi.csproj", "{D33A32D7-05C0-4ED7-B8AB-05663134EF13}"
EndProject
Global
	GlobalSection(SolutionConfigurationPlatforms) = preSolution
		Debug|Any CPU = Debug|Any CPU
		Release|Any CPU = Release|Any CPU
	EndGlobalSection
	GlobalSection(ProjectConfigurationPlatforms) = postSolution
		{D33A32D7-05C0-4ED7-B8AB-05663134EF13}.Debug|Any CPU.ActiveCfg = Debug|Any CPU
		{D33A32D7-05C0-4ED7-B8AB-05663134EF13}.Debug|Any CPU.Build.0 = Debug|Any CPU
		{D33A32D7-05C0-4ED7-B8AB-05663134EF13}.Release|Any CPU.ActiveCfg = Release|Any CPU
		{D33A32D7-05C0-4ED7-B8AB-05663134EF13}.Release|Any CPU.Build.0 = Release|Any CPU
	EndGlobalSection
	GlobalSection(SolutionProperties) = preSolution
		HideSolutionNode = FALSE
	EndGlobalSection
	GlobalSection(ExtensibilityGlobals) = postSolution
		SolutionGuid = {8441A6F4-19B2-464B-AAE1-96A4DF48C56F}
	EndGlobalSection
EndGlobal
